
Microsoft Visual Studio Solution File, Format Version 12.00
# Visual Studio Version 16
VisualStudioVersion = 16.0.29926.136
MinimumVisualStudioVersion = 10.0.40219.1
Project("{FAE04EC0-301F-11D3-BF4B-00C04F79EFBC}") = "salarios Género", "salarios Género.csproj", "{9FB2D3D7-668C-467B-AA81-D5A6070D591A}"
EndProject
Global
	GlobalSection(SolutionConfigurationPlatforms) = preSolution
		Debug|Any CPU = Debug|Any CPU
		Release|Any CPU = Release|Any CPU
	EndGlobalSection
	GlobalSection(ProjectConfigurationPlatforms) = postSolution
		{9FB2D3D7-668C-467B-AA81-D5A6070D591A}.Debug|Any CPU.ActiveCfg = Debug|Any CPU
		{9FB2D3D7-668C-467B-AA81-D5A6070D591A}.Debug|Any CPU.Build.0 = Debug|Any CPU
		{9FB2D3D7-668C-467B-AA81-D5A6070D591A}.Release|Any CPU.ActiveCfg = Release|Any CPU
		{9FB2D3D7-668C-467B-AA81-D5A6070D591A}.Release|Any CPU.Build.0 = Release|Any CPU
	EndGlobalSection
	GlobalSection(SolutionProperties) = preSolution
		HideSolutionNode = FALSE
	EndGlobalSection
	GlobalSection(ExtensibilityGlobals) = postSolution
		SolutionGuid = {8367BFF4-6B64-4734-B6BC-1ECCF6504B5F}
	EndGlobalSection
EndGlobal
